
Microsoft Visual Studio Solution File, Format Version 12.00
# Visual Studio 2012
Project("{FAE04EC0-301F-11D3-BF4B-00C04F79EFBC}") = "Xbox360RFModuleSerial", "Xbox360RFModuleSerial\Xbox360RFModuleSerial.csproj", "{4DF528B5-1D6A-4454-AA78-82115E6693AD}"
EndProject
Global
	GlobalSection(SolutionConfigurationPlatforms) = preSolution
		Debug|Any CPU = Debug|Any CPU
		Release|Any CPU = Release|Any CPU
	EndGlobalSection
	GlobalSection(ProjectConfigurationPlatforms) = postSolution
		{4DF528B5-1D6A-4454-AA78-82115E6693AD}.Debug|Any CPU.ActiveCfg = Debug|Any CPU
		{4DF528B5-1D6A-4454-AA78-82115E6693AD}.Debug|Any CPU.Build.0 = Debug|Any CPU
		{4DF528B5-1D6A-4454-AA78-82115E6693AD}.Release|Any CPU.ActiveCfg = Release|Any CPU
		{4DF528B5-1D6A-4454-AA78-82115E6693AD}.Release|Any CPU.Build.0 = Release|Any CPU
	EndGlobalSection
	GlobalSection(SolutionProperties) = preSolution
		HideSolutionNode = FALSE
	EndGlobalSection
EndGlobal
